
Microsoft Visual Studio Solution File, Format Version 12.00
# Visual Studio Version 17
VisualStudioVersion = 17.2.32616.157
MinimumVisualStudioVersion = 10.0.40219.1
Project("{9A19103F-16F7-4668-BE54-9A1E7A4F7556}") = "Biblioteca", "Biblioteca\Biblioteca.csproj", "{04FDC618-D513-4B6E-B34E-A77F30D5B5DF}"
EndProject
Project("{9A19103F-16F7-4668-BE54-9A1E7A4F7556}") = "EntidadesAero", "EntidadesAero\EntidadesAero.csproj", "{FE50CA9B-898E-4FBF-AF27-B232661D7655}"
EndProject
Project("{9A19103F-16F7-4668-BE54-9A1E7A4F7556}") = "VistaAero", "VistaAero\VistaAero.csproj", "{8D46807B-6BCA-46D9-8FC4-8A79F1661D57}"
EndProject
Global
	GlobalSection(SolutionConfigurationPlatforms) = preSolution
		Debug|Any CPU = Debug|Any CPU
		Release|Any CPU = Release|Any CPU
	EndGlobalSection
	GlobalSection(ProjectConfigurationPlatforms) = postSolution
		{04FDC618-D513-4B6E-B34E-A77F30D5B5DF}.Debug|Any CPU.ActiveCfg = Debug|Any CPU
		{04FDC618-D513-4B6E-B34E-A77F30D5B5DF}.Debug|Any CPU.Build.0 = Debug|Any CPU
		{04FDC618-D513-4B6E-B34E-A77F30D5B5DF}.Release|Any CPU.ActiveCfg = Release|Any CPU
		{04FDC618-D513-4B6E-B34E-A77F30D5B5DF}.Release|Any CPU.Build.0 = Release|Any CPU
		{FE50CA9B-898E-4FBF-AF27-B232661D7655}.Debug|Any CPU.ActiveCfg = Debug|Any CPU
		{FE50CA9B-898E-4FBF-AF27-B232661D7655}.Debug|Any CPU.Build.0 = Debug|Any CPU
		{FE50CA9B-898E-4FBF-AF27-B232661D7655}.Release|Any CPU.ActiveCfg = Release|Any CPU
		{FE50CA9B-898E-4FBF-AF27-B232661D7655}.Release|Any CPU.Build.0 = Release|Any CPU
		{8D46807B-6BCA-46D9-8FC4-8A79F1661D57}.Debug|Any CPU.ActiveCfg = Debug|Any CPU
		{8D46807B-6BCA-46D9-8FC4-8A79F1661D57}.Debug|Any CPU.Build.0 = Debug|Any CPU
		{8D46807B-6BCA-46D9-8FC4-8A79F1661D57}.Release|Any CPU.ActiveCfg = Release|Any CPU
		{8D46807B-6BCA-46D9-8FC4-8A79F1661D57}.Release|Any CPU.Build.0 = Release|Any CPU
	EndGlobalSection
	GlobalSection(SolutionProperties) = preSolution
		HideSolutionNode = FALSE
	EndGlobalSection
	GlobalSection(ExtensibilityGlobals) = postSolution
		SolutionGuid = {B43BBCDB-1DB8-4703-A2DD-631A45D39BDD}
	EndGlobalSection
EndGlobal
